// !$*UTF8*$!
{
	archiveVersion = 1;
	classes = {
	};
	objectVersion = 56;
	objects = {

/* Begin PBXBuildFile section */
		9F22F5C22B58E62000D97C58 /* DataController.swift in Sources */ = {isa = PBXBuildFile; fileRef = 9F22F5C12B58E62000D97C58 /* DataController.swift */; };
		9F22F5C42B5F72C800D97C58 /* AllRestaurantsView.swift in Sources */ = {isa = PBXBuildFile; fileRef = 9F22F5C32B5F72C800D97C58 /* AllRestaurantsView.swift */; };
		9F22F5C92B5F74FD00D97C58 /* MealView.swift in Sources */ = {isa = PBXBuildFile; fileRef = 9F22F5C82B5F74FD00D97C58 /* MealView.swift */; };
		9F22F5CB2B5F789900D97C58 /* ItemProtocol.swift in Sources */ = {isa = PBXBuildFile; fileRef = 9F22F5CA2B5F789900D97C58 /* ItemProtocol.swift */; };
		9F22F5CF2B609A4400D97C58 /* AddMealToRestaurant.swift in Sources */ = {isa = PBXBuildFile; fileRef = 9F22F5CE2B609A4400D97C58 /* AddMealToRestaurant.swift */; };
		9F7EFE632B54B38700372EEC /* restaurant_tracker_v2App.swift in Sources */ = {isa = PBXBuildFile; fileRef = 9F7EFE622B54B38700372EEC /* restaurant_tracker_v2App.swift */; };
		9F7EFE672B54B38800372EEC /* Assets.xcassets in Resources */ = {isa = PBXBuildFile; fileRef = 9F7EFE662B54B38800372EEC /* Assets.xcassets */; };
		9F7EFE6A2B54B38800372EEC /* Preview Assets.xcassets in Resources */ = {isa = PBXBuildFile; fileRef = 9F7EFE692B54B38800372EEC /* Preview Assets.xcassets */; };
		9F7EFE712B54B3AA00372EEC /* Restaurant.swift in Sources */ = {isa = PBXBuildFile; fileRef = 9F7EFE702B54B3A900372EEC /* Restaurant.swift */; };
		9F7EFE7B2B5789D800372EEC /* RestaurantView.swift in Sources */ = {isa = PBXBuildFile; fileRef = 9F7EFE7A2B5789D800372EEC /* RestaurantView.swift */; };
		9F7EFE832B57938D00372EEC /* AddRestaurantView.swift in Sources */ = {isa = PBXBuildFile; fileRef = 9F7EFE822B57938D00372EEC /* AddRestaurantView.swift */; };
/* End PBXBuildFile section */

/* Begin PBXFileReference section */
		9F22F5C12B58E62000D97C58 /* DataController.swift */ = {isa = PBXFileReference; lastKnownFileType = sourcecode.swift; path = DataController.swift; sourceTree = "<group>"; };
		9F22F5C32B5F72C800D97C58 /* AllRestaurantsView.swift */ = {isa = PBXFileReference; lastKnownFileType = sourcecode.swift; path = AllRestaurantsView.swift; sourceTree = "<group>"; };
		9F22F5C82B5F74FD00D97C58 /* MealView.swift */ = {isa = PBXFileReference; lastKnownFileType = sourcecode.swift; path = MealView.swift; sourceTree = "<group>"; };
		9F22F5CA2B5F789900D97C58 /* ItemProtocol.swift */ = {isa = PBXFileReference; lastKnownFileType = sourcecode.swift; path = ItemProtocol.swift; sourceTree = "<group>"; };
		9F22F5CE2B609A4400D97C58 /* AddMealToRestaurant.swift */ = {isa = PBXFileReference; lastKnownFileType = sourcecode.swift; path = AddMealToRestaurant.swift; sourceTree = "<group>"; };
		9F7EFE5F2B54B38700372EEC /* restaurant_tracker_v2.app */ = {isa = PBXFileReference; explicitFileType = wrapper.application; includeInIndex = 0; path = restaurant_tracker_v2.app; sourceTree = BUILT_PRODUCTS_DIR; };
		9F7EFE622B54B38700372EEC /* restaurant_tracker_v2App.swift */ = {isa = PBXFileReference; lastKnownFileType = sourcecode.swift; path = restaurant_tracker_v2App.swift; sourceTree = "<group>"; };
		9F7EFE662B54B38800372EEC /* Assets.xcassets */ = {isa = PBXFileReference; lastKnownFileType = folder.assetcatalog; path = Assets.xcassets; sourceTree = "<group>"; };
		9F7EFE692B54B38800372EEC /* Preview Assets.xcassets */ = {isa = PBXFileReference; lastKnownFileType = folder.assetcatalog; path = "Preview Assets.xcassets"; sourceTree = "<group>"; };
		9F7EFE702B54B3A900372EEC /* Restaurant.swift */ = {isa = PBXFileReference; lastKnownFileType = sourcecode.swift; path = Restaurant.swift; sourceTree = "<group>"; };
		9F7EFE7A2B5789D800372EEC /* RestaurantView.swift */ = {isa = PBXFileReference; lastKnownFileType = sourcecode.swift; path = RestaurantView.swift; sourceTree = "<group>"; };
		9F7EFE822B57938D00372EEC /* AddRestaurantView.swift */ = {isa = PBXFileReference; fileEncoding = 4; lastKnownFileType = sourcecode.swift; path = AddRestaurantView.swift; sourceTree = "<group>"; };
/* End PBXFileReference section */

/* Begin PBXFrameworksBuildPhase section */
		9F7EFE5C2B54B38700372EEC /* Frameworks */ = {
			isa = PBXFrameworksBuildPhase;
			buildActionMask = 2147483647;
			files = (
			);
			runOnlyForDeploymentPostprocessing = 0;
		};
/* End PBXFrameworksBuildPhase section */

/* Begin PBXGroup section */
		9F22F5C52B5F747200D97C58 /* DataController */ = {
			isa = PBXGroup;
			children = (
				9F22F5C12B58E62000D97C58 /* DataController.swift */,
				9F7EFE792B55C5E000372EEC /* Objects */,
			);
			path = DataController;
			sourceTree = "<group>";
		};
		9F7E39122B601BC2008B421A /* MealView */ = {
			isa = PBXGroup;
			children = (
				9F22F5C82B5F74FD00D97C58 /* MealView.swift */,
				9F22F5CE2B609A4400D97C58 /* AddMealToRestaurant.swift */,
			);
			path = MealView;
			sourceTree = "<group>";
		};
		9F7E39132B601BD8008B421A /* RestaurantView */ = {
			isa = PBXGroup;
			children = (
				9F7EFE7A2B5789D800372EEC /* RestaurantView.swift */,
			);
			path = RestaurantView;
			sourceTree = "<group>";
		};
		9F7EFE562B54B38700372EEC = {
			isa = PBXGroup;
			children = (
				9F7EFE612B54B38700372EEC /* restaurant_tracker_v2 */,
				9F7EFE602B54B38700372EEC /* Products */,
			);
			sourceTree = "<group>";
		};
		9F7EFE602B54B38700372EEC /* Products */ = {
			isa = PBXGroup;
			children = (
				9F7EFE5F2B54B38700372EEC /* restaurant_tracker_v2.app */,
			);
			name = Products;
			sourceTree = "<group>";
		};
		9F7EFE612B54B38700372EEC /* restaurant_tracker_v2 */ = {
			isa = PBXGroup;
			children = (
				9F7EFE662B54B38800372EEC /* Assets.xcassets */,
				9F7EFE622B54B38700372EEC /* restaurant_tracker_v2App.swift */,
				9F22F5C52B5F747200D97C58 /* DataController */,
				9F7E39122B601BC2008B421A /* MealView */,
				9F7E39132B601BD8008B421A /* RestaurantView */,
				9F7EFE802B57930600372EEC /* AddRestaurant */,
				9F7EFE782B55C5D200372EEC /* AllRestaurantsView */,
				9F7EFE682B54B38800372EEC /* Preview Content */,
			);
			path = restaurant_tracker_v2;
			sourceTree = "<group>";
		};
		9F7EFE682B54B38800372EEC /* Preview Content */ = {
			isa = PBXGroup;
			children = (
				9F7EFE692B54B38800372EEC /* Preview Assets.xcassets */,
			);
			path = "Preview Content";
			sourceTree = "<group>";
		};
		9F7EFE782B55C5D200372EEC /* AllRestaurantsView */ = {
			isa = PBXGroup;
			children = (
				9F22F5C32B5F72C800D97C58 /* AllRestaurantsView.swift */,
			);
			path = AllRestaurantsView;
			sourceTree = "<group>";
		};
		9F7EFE792B55C5E000372EEC /* Objects */ = {
			isa = PBXGroup;
			children = (
				9F7EFE702B54B3A900372EEC /* Restaurant.swift */,
				9F22F5CA2B5F789900D97C58 /* ItemProtocol.swift */,
			);
			path = Objects;
			sourceTree = "<group>";
		};
		9F7EFE802B57930600372EEC /* AddRestaurant */ = {
			isa = PBXGroup;
			children = (
				9F7EFE822B57938D00372EEC /* AddRestaurantView.swift */,
			);
			path = AddRestaurant;
			sourceTree = "<group>";
		};
/* End PBXGroup section */

/* Begin PBXNativeTarget section */
		9F7EFE5E2B54B38700372EEC /* restaurant_tracker_v2 */ = {
			isa = PBXNativeTarget;
			buildConfigurationList = 9F7EFE6D2B54B38800372EEC /* Build configuration list for PBXNativeTarget "restaurant_tracker_v2" */;
			buildPhases = (
				9F7EFE5B2B54B38700372EEC /* Sources */,
				9F7EFE5C2B54B38700372EEC /* Frameworks */,
				9F7EFE5D2B54B38700372EEC /* Resources */,
			);
			buildRules = (
			);
			dependencies = (
			);
			name = restaurant_tracker_v2;
			productName = restaurant_tracker_v2;
			productReference = 9F7EFE5F2B54B38700372EEC /* restaurant_tracker_v2.app */;
			productType = "com.apple.product-type.application";
		};
/* End PBXNativeTarget section */

/* Begin PBXProject section */
		9F7EFE572B54B38700372EEC /* Project object */ = {
			isa = PBXProject;
			attributes = {
				BuildIndependentTargetsInParallel = 1;
				LastSwiftUpdateCheck = 1520;
				LastUpgradeCheck = 1520;
				TargetAttributes = {
					9F7EFE5E2B54B38700372EEC = {
						CreatedOnToolsVersion = 15.2;
					};
				};
			};
			buildConfigurationList = 9F7EFE5A2B54B38700372EEC /* Build configuration list for PBXProject "restaurant_tracker_v2" */;
			compatibilityVersion = "Xcode 14.0";
			developmentRegion = en;
			hasScannedForEncodings = 0;
			knownRegions = (
				en,
				Base,
			);
			mainGroup = 9F7EFE562B54B38700372EEC;
			productRefGroup = 9F7EFE602B54B38700372EEC /* Products */;
			projectDirPath = "";
			projectRoot = "";
			targets = (
				9F7EFE5E2B54B38700372EEC /* restaurant_tracker_v2 */,
			);
		};
/* End PBXProject section */

/* Begin PBXResourcesBuildPhase section */
		9F7EFE5D2B54B38700372EEC /* Resources */ = {
			isa = PBXResourcesBuildPhase;
			buildActionMask = 2147483647;
			files = (
				9F7EFE6A2B54B38800372EEC /* Preview Assets.xcassets in Resources */,
				9F7EFE672B54B38800372EEC /* Assets.xcassets in Resources */,
			);
			runOnlyForDeploymentPostprocessing = 0;
		};
/* End PBXResourcesBuildPhase section */

/* Begin PBXSourcesBuildPhase section */
		9F7EFE5B2B54B38700372EEC /* Sources */ = {
			isa = PBXSourcesBuildPhase;
			buildActionMask = 2147483647;
			files = (
				9F22F5C42B5F72C800D97C58 /* AllRestaurantsView.swift in Sources */,
				9F7EFE832B57938D00372EEC /* AddRestaurantView.swift in Sources */,
				9F7EFE632B54B38700372EEC /* restaurant_tracker_v2App.swift in Sources */,
				9F22F5C92B5F74FD00D97C58 /* MealView.swift in Sources */,
				9F22F5C22B58E62000D97C58 /* DataController.swift in Sources */,
				9F7EFE7B2B5789D800372EEC /* RestaurantView.swift in Sources */,
				9F22F5CB2B5F789900D97C58 /* ItemProtocol.swift in Sources */,
				9F7EFE712B54B3AA00372EEC /* Restaurant.swift in Sources */,
				9F22F5CF2B609A4400D97C58 /* AddMealToRestaurant.swift in Sources */,
			);
			runOnlyForDeploymentPostprocessing = 0;
		};
/* End PBXSourcesBuildPhase section */

/* Begin XCBuildConfiguration section */
		9F7EFE6B2B54B38800372EEC /* Debug */ = {
			isa = XCBuildConfiguration;
			buildSettings = {
				ALWAYS_SEARCH_USER_PATHS = NO;
				ASSETCATALOG_COMPILER_GENERATE_SWIFT_ASSET_SYMBOL_EXTENSIONS = YES;
				CLANG_ANALYZER_NONNULL = YES;
				CLANG_ANALYZER_NUMBER_OBJECT_CONVERSION = YES_AGGRESSIVE;
				CLANG_CXX_LANGUAGE_STANDARD = "gnu++20";
				CLANG_ENABLE_MODULES = YES;
				CLANG_ENABLE_OBJC_ARC = YES;
				CLANG_ENABLE_OBJC_WEAK = YES;
				CLANG_WARN_BLOCK_CAPTURE_AUTORELEASING = YES;
				CLANG_WARN_BOOL_CONVERSION = YES;
				CLANG_WARN_COMMA = YES;
				CLANG_WARN_CONSTANT_CONVERSION = YES;
				CLANG_WARN_DEPRECATED_OBJC_IMPLEMENTATIONS = YES;
				CLANG_WARN_DIRECT_OBJC_ISA_USAGE = YES_ERROR;
				CLANG_WARN_DOCUMENTATION_COMMENTS = YES;
				CLANG_WARN_EMPTY_BODY = YES;
				CLANG_WARN_ENUM_CONVERSION = YES;
				CLANG_WARN_INFINITE_RECURSION = YES;
				CLANG_WARN_INT_CONVERSION = YES;
				CLANG_WARN_NON_LITERAL_NULL_CONVERSION = YES;
				CLANG_WARN_OBJC_IMPLICIT_RETAIN_SELF = YES;
				CLANG_WARN_OBJC_LITERAL_CONVERSION = YES;
				CLANG_WARN_OBJC_ROOT_CLASS = YES_ERROR;
				CLANG_WARN_QUOTED_INCLUDE_IN_FRAMEWORK_HEADER = YES;
				CLANG_WARN_RANGE_LOOP_ANALYSIS = YES;
				CLANG_WARN_STRICT_PROTOTYPES = YES;
				CLANG_WARN_SUSPICIOUS_MOVE = YES;
				CLANG_WARN_UNGUARDED_AVAILABILITY = YES_AGGRESSIVE;
				CLANG_WARN_UNREACHABLE_CODE = YES;
				CLANG_WARN__DUPLICATE_METHOD_MATCH = YES;
				COPY_PHASE_STRIP = NO;
				DEBUG_INFORMATION_FORMAT = dwarf;
				ENABLE_STRICT_OBJC_MSGSEND = YES;
				ENABLE_TESTABILITY = YES;
				ENABLE_USER_SCRIPT_SANDBOXING = YES;
				GCC_C_LANGUAGE_STANDARD = gnu17;
				GCC_DYNAMIC_NO_PIC = NO;
				GCC_NO_COMMON_BLOCKS = YES;
				GCC_OPTIMIZATION_LEVEL = 0;
				GCC_PREPROCESSOR_DEFINITIONS = (
					"DEBUG=1",
					"$(inherited)",
				);
				GCC_WARN_64_TO_32_BIT_CONVERSION = YES;
				GCC_WARN_ABOUT_RETURN_TYPE = YES_ERROR;
				GCC_WARN_UNDECLARED_SELECTOR = YES;
				GCC_WARN_UNINITIALIZED_AUTOS = YES_AGGRESSIVE;
				GCC_WARN_UNUSED_FUNCTION = YES;
				GCC_WARN_UNUSED_VARIABLE = YES;
				IPHONEOS_DEPLOYMENT_TARGET = 17.2;
				LOCALIZATION_PREFERS_STRING_CATALOGS = YES;
				MTL_ENABLE_DEBUG_INFO = INCLUDE_SOURCE;
				MTL_FAST_MATH = YES;
				ONLY_ACTIVE_ARCH = YES;
				SDKROOT = iphoneos;
				SWIFT_ACTIVE_COMPILATION_CONDITIONS = "DEBUG $(inherited)";
				SWIFT_OPTIMIZATION_LEVEL = "-Onone";
			};
			name = Debug;
		};
		9F7EFE6C2B54B38800372EEC /* Release */ = {
			isa = XCBuildConfiguration;
			buildSettings = {
				ALWAYS_SEARCH_USER_PATHS = NO;
				ASSETCATALOG_COMPILER_GENERATE_SWIFT_ASSET_SYMBOL_EXTENSIONS = YES;
				CLANG_ANALYZER_NONNULL = YES;
				CLANG_ANALYZER_NUMBER_OBJECT_CONVERSION = YES_AGGRESSIVE;
				CLANG_CXX_LANGUAGE_STANDARD = "gnu++20";
				CLANG_ENABLE_MODULES = YES;
				CLANG_ENABLE_OBJC_ARC = YES;
				CLANG_ENABLE_OBJC_WEAK = YES;
				CLANG_WARN_BLOCK_CAPTURE_AUTORELEASING = YES;
				CLANG_WARN_BOOL_CONVERSION = YES;
				CLANG_WARN_COMMA = YES;
				CLANG_WARN_CONSTANT_CONVERSION = YES;
				CLANG_WARN_DEPRECATED_OBJC_IMPLEMENTATIONS = YES;
				CLANG_WARN_DIRECT_OBJC_ISA_USAGE = YES_ERROR;
				CLANG_WARN_DOCUMENTATION_COMMENTS = YES;
				CLANG_WARN_EMPTY_BODY = YES;
				CLANG_WARN_ENUM_CONVERSION = YES;
				CLANG_WARN_INFINITE_RECURSION = YES;
				CLANG_WARN_INT_CONVERSION = YES;
				CLANG_WARN_NON_LITERAL_NULL_CONVERSION = YES;
				CLANG_WARN_OBJC_IMPLICIT_RETAIN_SELF = YES;
				CLANG_WARN_OBJC_LITERAL_CONVERSION = YES;
				CLANG_WARN_OBJC_ROOT_CLASS = YES_ERROR;
				CLANG_WARN_QUOTED_INCLUDE_IN_FRAMEWORK_HEADER = YES;
				CLANG_WARN_RANGE_LOOP_ANALYSIS = YES;
				CLANG_WARN_STRICT_PROTOTYPES = YES;
				CLANG_WARN_SUSPICIOUS_MOVE = YES;
				CLANG_WARN_UNGUARDED_AVAILABILITY = YES_AGGRESSIVE;
				CLANG_WARN_UNREACHABLE_CODE = YES;
				CLANG_WARN__DUPLICATE_METHOD_MATCH = YES;
				COPY_PHASE_STRIP = NO;
				DEBUG_INFORMATION_FORMAT = "dwarf-with-dsym";
				ENABLE_NS_ASSERTIONS = NO;
				ENABLE_STRICT_OBJC_MSGSEND = YES;
				ENABLE_USER_SCRIPT_SANDBOXING = YES;
				GCC_C_LANGUAGE_STANDARD = gnu17;
				GCC_NO_COMMON_BLOCKS = YES;
				GCC_WARN_64_TO_32_BIT_CONVERSION = YES;
				GCC_WARN_ABOUT_RETURN_TYPE = YES_ERROR;
				GCC_WARN_UNDECLARED_SELECTOR = YES;
				GCC_WARN_UNINITIALIZED_AUTOS = YES_AGGRESSIVE;
				GCC_WARN_UNUSED_FUNCTION = YES;
				GCC_WARN_UNUSED_VARIABLE = YES;
				IPHONEOS_DEPLOYMENT_TARGET = 17.2;
				LOCALIZATION_PREFERS_STRING_CATALOGS = YES;
				MTL_ENABLE_DEBUG_INFO = NO;
				MTL_FAST_MATH = YES;
				SDKROOT = iphoneos;
				SWIFT_COMPILATION_MODE = wholemodule;
				VALIDATE_PRODUCT = YES;
			};
			name = Release;
		};
		9F7EFE6E2B54B38800372EEC /* Debug */ = {
			isa = XCBuildConfiguration;
			buildSettings = {
				ASSETCATALOG_COMPILER_APPICON_NAME = AppIcon;
				ASSETCATALOG_COMPILER_GLOBAL_ACCENT_COLOR_NAME = AccentColor;
				CODE_SIGN_STYLE = Automatic;
				CURRENT_PROJECT_VERSION = 1;
				DEVELOPMENT_ASSET_PATHS = "\"restaurant_tracker_v2/Preview Content\"";
				DEVELOPMENT_TEAM = WFBG9DUVF3;
				ENABLE_PREVIEWS = YES;
				GENERATE_INFOPLIST_FILE = YES;
				INFOPLIST_KEY_UIApplicationSceneManifest_Generation = YES;
				INFOPLIST_KEY_UIApplicationSupportsIndirectInputEvents = YES;
				INFOPLIST_KEY_UILaunchScreen_Generation = YES;
				INFOPLIST_KEY_UISupportedInterfaceOrientations_iPad = "UIInterfaceOrientationPortrait UIInterfaceOrientationPortraitUpsideDown UIInterfaceOrientationLandscapeLeft UIInterfaceOrientationLandscapeRight";
				INFOPLIST_KEY_UISupportedInterfaceOrientations_iPhone = "UIInterfaceOrientationPortrait UIInterfaceOrientationLandscapeLeft UIInterfaceOrientationLandscapeRight";
				LD_RUNPATH_SEARCH_PATHS = (
					"$(inherited)",
					"@executable_path/Frameworks",
				);
				MARKETING_VERSION = 1.0;
				PRODUCT_BUNDLE_IDENTIFIER = "self.restaurant-tracker-v2";
				PRODUCT_NAME = "$(TARGET_NAME)";
				SWIFT_EMIT_LOC_STRINGS = YES;
				SWIFT_VERSION = 5.0;
				TARGETED_DEVICE_FAMILY = "1,2";
			};
			name = Debug;
		};
		9F7EFE6F2B54B38800372EEC /* Release */ = {
			isa = XCBuildConfiguration;
			buildSettings = {
				ASSETCATALOG_COMPILER_APPICON_NAME = AppIcon;
				ASSETCATALOG_COMPILER_GLOBAL_ACCENT_COLOR_NAME = AccentColor;
				CODE_SIGN_STYLE = Automatic;
				CURRENT_PROJECT_VERSION = 1;
				DEVELOPMENT_ASSET_PATHS = "\"restaurant_tracker_v2/Preview Content\"";
				DEVELOPMENT_TEAM = WFBG9DUVF3;
				ENABLE_PREVIEWS = YES;
				GENERATE_INFOPLIST_FILE = YES;
				INFOPLIST_KEY_UIApplicationSceneManifest_Generation = YES;
				INFOPLIST_KEY_UIApplicationSupportsIndirectInputEvents = YES;
				INFOPLIST_KEY_UILaunchScreen_Generation = YES;
				INFOPLIST_KEY_UISupportedInterfaceOrientations_iPad = "UIInterfaceOrientationPortrait UIInterfaceOrientationPortraitUpsideDown UIInterfaceOrientationLandscapeLeft UIInterfaceOrientationLandscapeRight";
				INFOPLIST_KEY_UISupportedInterfaceOrientations_iPhone = "UIInterfaceOrientationPortrait UIInterfaceOrientationLandscapeLeft UIInterfaceOrientationLandscapeRight";
				LD_RUNPATH_SEARCH_PATHS = (
					"$(inherited)",
					"@executable_path/Frameworks",
				);
				MARKETING_VERSION = 1.0;
				PRODUCT_BUNDLE_IDENTIFIER = "self.restaurant-tracker-v2";
				PRODUCT_NAME = "$(TARGET_NAME)";
				SWIFT_EMIT_LOC_STRINGS = YES;
				SWIFT_VERSION = 5.0;
				TARGETED_DEVICE_FAMILY = "1,2";
			};
			name = Release;
		};
/* End XCBuildConfiguration section */

/* Begin XCConfigurationList section */
		9F7EFE5A2B54B38700372EEC /* Build configuration list for PBXProject "restaurant_tracker_v2" */ = {
			isa = XCConfigurationList;
			buildConfigurations = (
				9F7EFE6B2B54B38800372EEC /* Debug */,
				9F7EFE6C2B54B38800372EEC /* Release */,
			);
			defaultConfigurationIsVisible = 0;
			defaultConfigurationName = Release;
		};
		9F7EFE6D2B54B38800372EEC /* Build configuration list for PBXNativeTarget "restaurant_tracker_v2" */ = {
			isa = XCConfigurationList;
			buildConfigurations = (
				9F7EFE6E2B54B38800372EEC /* Debug */,
				9F7EFE6F2B54B38800372EEC /* Release */,
			);
			defaultConfigurationIsVisible = 0;
			defaultConfigurationName = Release;
		};
/* End XCConfigurationList section */
	};
	rootObject = 9F7EFE572B54B38700372EEC /* Project object */;
}
